{
  "name": "Sell App Api",
  "lockfileVersion": 2,
  "requires": true,
  "packages": {
    "": {
      "dependencies": {
        "bot": "^0.0.3"
      }
    },
    "node_modules/bot": {
      "version": "0.0.3",
      "resolved": "https://registry.npmjs.org/bot/-/bot-0.0.3.tgz",
      "integrity": "sha512-MQHMoBOZFmoi0DzcI2S8kQ7DuZtXE6wcSeRzAHXPDkDQgqZ1satcZyzH6l7Uw+OhJg9IBycOnphXSDE8h6+W8A==",
      "dependencies": {
        "colors": "0.6.0-1"
      },
      "bin": {
        "bot": "bin/bot"
      },
      "engines": {
        "node": ">= 0.6.0"
      }
    },
    "node_modules/colors": {
      "version": "0.6.0-1",
      "resolved": "https://registry.npmjs.org/colors/-/colors-0.6.0-1.tgz",
      "integrity": "sha512-ZaQtySU44lmZRP6M+CovFWnu7QnxLTsr/3wURb7BCOV1/gKjUb/3uu3NsLR+fvA2Jfs6sNfwcVq0Tp2mWYbuxg==",
      "engines": {
        "node": ">=0.1.90"
      }
    }
  },
  "dependencies": {
    "bot": {
      "version": "0.0.3",
      "resolved": "https://registry.npmjs.org/bot/-/bot-0.0.3.tgz",
      "integrity": "sha512-MQHMoBOZFmoi0DzcI2S8kQ7DuZtXE6wcSeRzAHXPDkDQgqZ1satcZyzH6l7Uw+OhJg9IBycOnphXSDE8h6+W8A==",
      "requires": {
        "colors": "0.6.0-1"
      }
    },
    "colors": {
      "version": "0.6.0-1",
      "resolved": "https://registry.npmjs.org/colors/-/colors-0.6.0-1.tgz",
      "integrity": "sha512-ZaQtySU44lmZRP6M+CovFWnu7QnxLTsr/3wURb7BCOV1/gKjUb/3uu3NsLR+fvA2Jfs6sNfwcVq0Tp2mWYbuxg=="
    }
  }
}
